
Microsoft Visual Studio Solution File, Format Version 12.00
# Visual Studio Version 17
VisualStudioVersion = 17.6.33801.468
MinimumVisualStudioVersion = 10.0.40219.1
Project("{FAE04EC0-301F-11D3-BF4B-00C04F79EFBC}") = "24.09", "24.09\24.09.csproj", "{2F5D4F4F-989B-4AC2-A512-5CB89A21FEC2}"
EndProject
Global
	GlobalSection(SolutionConfigurationPlatforms) = preSolution
		Debug|Any CPU = Debug|Any CPU
		Release|Any CPU = Release|Any CPU
	EndGlobalSection
	GlobalSection(ProjectConfigurationPlatforms) = postSolution
		{2F5D4F4F-989B-4AC2-A512-5CB89A21FEC2}.Debug|Any CPU.ActiveCfg = Debug|Any CPU
		{2F5D4F4F-989B-4AC2-A512-5CB89A21FEC2}.Debug|Any CPU.Build.0 = Debug|Any CPU
		{2F5D4F4F-989B-4AC2-A512-5CB89A21FEC2}.Release|Any CPU.ActiveCfg = Release|Any CPU
		{2F5D4F4F-989B-4AC2-A512-5CB89A21FEC2}.Release|Any CPU.Build.0 = Release|Any CPU
	EndGlobalSection
	GlobalSection(SolutionProperties) = preSolution
		HideSolutionNode = FALSE
	EndGlobalSection
	GlobalSection(ExtensibilityGlobals) = postSolution
		SolutionGuid = {C93B5A2C-879C-410B-A4E5-4E963C877BBC}
	EndGlobalSection
EndGlobal
